github.com/PreetSIngh8929/bookstore-oauth-go v0.0.0-20220826051856-64a10e163146 h1:DIzug7hFoWHxrBB7fk06BfqJ9MXGY1W6dohJO1JFCJY=
github.com/PreetSIngh8929/bookstore-oauth-go v0.0.0-20220826051856-64a10e163146/go.mod h1:FgdJqoGpsdJedg0qiqeGIARjvOW1S2M+62YK+ouyQeo=
github.com/PreetSIngh8929/boookstore_utils-go v0.0.0-20220829083114-643af2541dba h1:sAqxyrIunaCtpD8r3RSPwEFAuC/9INQyY8ygFLwQHG0=
github.com/PreetSIngh8929/boookstore_utils-go v0.0.0-20220829083114-643af2541dba/go.mod h1:w6YgBlE7itP2S+QW7TB0G45YO5XxQ/MORgOj74Xf6B0=
github.com/PreetSIngh8929/boookstore_utils-go v0.0.0-20220908064128-2c4ac14c4251 h1:6GOAiCt30+bVSkxdJhoeZBC7ZT6cG7fV17lYGJx70y0=
github.com/PreetSIngh8929/boookstore_utils-go v0.0.0-20220908064128-2c4ac14c4251/go.mod h1:w6YgBlE7itP2S+QW7TB0G45YO5XxQ/MORgOj74Xf6B0=
github.com/PreetSIngh8929/boookstore_utils-go v0.0.0-20220908115741-c3a6ee1364cb h1:ztoIaJTqqK2l3xuMfz4E6B+p4xTaq528ZHt28USvJI8=
github.com/PreetSIngh8929/boookstore_utils-go v0.0.0-20220908115741-c3a6ee1364cb/go.mod h1:ruVOsZnhBnyWT+Ggo6x6ejV6opTszX/zEOUPaAh/XkM=
github.com/PreetSIngh8929/boookstore_utils-go v0.0.0-20220908123824-d6ce0d1eccc6 h1:+FfMQuES2/U1jlsxquXtEjngnUDMxbAQQJ5UAzWHhY0=
github.com/PreetSIngh8929/boookstore_utils-go v0.0.0-20220908123824-d6ce0d1eccc6/go.mod h1:ruVOsZnhBnyWT+Ggo6x6ejV6opTszX/zEOUPaAh/XkM=
github.com/PreetSIngh8929/boookstore_utils-go v0.0.0-20220909065056-1e39af2d16a3 h1:qacYSg/yn+8DwCnG2URwTbpWSBySoYJKMG9pGxJHCiI=
github.com/PreetSIngh8929/boookstore_utils-go v0.0.0-20220909065056-1e39af2d16a3/go.mod h1:ruVOsZnhBnyWT+Ggo6x6ejV6opTszX/zEOUPaAh/XkM=
github.com/PreetSIngh8929/boookstore_utils-go v0.0.0-20220909082520-e0fae178aaf6 h1:MZdmEd5boJJKvBVoC5U0PlljKdC2Xn9A6xeWUz+G7X8=
github.com/PreetSIngh8929/boookstore_utils-go v0.0.0-20220909082520-e0fae178aaf6/go.mod h1:ruVOsZnhBnyWT+Ggo6x6ejV6opTszX/zEOUPaAh/XkM=
github.com/davecgh/go-spew v1.1.0/go.mod h1:J7Y8YcW2NihsgmVo/mv3lAwl/skON4iLHjSsI+c5H38=
github.com/davecgh/go-spew v1.1.1/go.mod h1:J7Y8YcW2NihsgmVo/mv3lAwl/skON4iLHjSsI+c5H38=
github.com/gorilla/mux v1.8.0 h1:i40aqfkR1h2SlN9hojwV5ZA91wcXFOvkdNIeFDP5koI=
github.com/gorilla/mux v1.8.0/go.mod h1:DVbg23sWSpFRCP0SfiEN6jmj59UnW/n46BH5rLB71So=
github.com/josharian/intern v1.0.0 h1:vlS4z54oSdjm0bgjRigI+G1HpF+tI+9rE5LLzOg8HmY=
github.com/josharian/intern v1.0.0/go.mod h1:5DoeVV0s6jJacbCEi61lwdGj/aVlrQvzHFFd8Hwg//Y=
github.com/mailru/easyjson v0.7.7 h1:UGYAvKxe3sBsEDzO8ZeWOSlIQfWFlxbzLZe7hwFURr0=
github.com/mailru/easyjson v0.7.7/go.mod h1:xzfreul335JAWq5oZzymOObrkdz5UnU4kGfJJLY9Nlc=
github.com/mercadolibre/golang-restclient v0.0.0-20170701022150-51958130a0a0 h1:EDOjA2IGgjSBlPlnW7CzBUo/o410SMiFh670jP29Kc4=
github.com/mercadolibre/golang-restclient v0.0.0-20170701022150-51958130a0a0/go.mod h1:Z7qYja4aGk/RWl1yJtN1LXRvC7Hsbq8SEbqWWDrMqMs=
github.com/olivere/elastic v6.2.37+incompatible h1:UfSGJem5czY+x/LqxgeCBgjDn6St+z8OnsCuxwD3L0U=
github.com/olivere/elastic v6.2.37+incompatible/go.mod h1:J+q1zQJTgAz9woqsbVRqGeB5G1iqDKVBWLNSYW8yfJ8=
github.com/pkg/errors v0.9.1 h1:FEBLx1zS214owpjy7qsBeixbURkuhQAwrK5UwLGTwt4=
github.com/pkg/errors v0.9.1/go.mod h1:bwawxfHBFNV+L2hUp1rHADufV3IMtnDRdf1r5NINEl0=
github.com/pmezard/go-difflib v1.0.0/go.mod h1:iKH77koFhYxTK1pcRnkKkqfTogsbg7gZNVY4sRDYZ/4=
github.com/stretchr/objx v0.1.0/go.mod h1:HFkY916IF+rwdDfMAkV7OtwuqBVzrE8GR6GFx+wExME=
github.com/stretchr/testify v1.3.0/go.mod h1:M5WIy9Dh21IEIfnGCwXGc5bZfKNJtfHm1UVUgZn+9EI=
go.uber.org/atomic v1.7.0 h1:ADUqmZGgLDDfbSL9ZmPxKTybcoEYHgpYfELNoN+7hsw=
go.uber.org/atomic v1.7.0/go.mod h1:fEN4uk6kAWBTFdckzkM89CLk9XfWZrxpCo0nPH17wJc=
go.uber.org/multierr v1.6.0 h1:y6IPFStTAIT5Ytl7/XYmHvzXQ7S3g/IeZW9hyZ5thw4=
go.uber.org/multierr v1.6.0/go.mod h1:cdWPpRnG4AhwMwsgIHip0KRBQjJy5kYEpYjJxpXp9iU=
go.uber.org/zap v1.23.0 h1:OjGQ5KQDEUawVHxNwQgPpiypGHOxo2mNZsOqTak4fFY=
go.uber.org/zap v1.23.0/go.mod h1:D+nX8jyLsMHMYrln8A0rJjFt/T/9/bGgIhAqxv5URuY=
